// !$*UTF8*$!
{
	archiveVersion = 1;
	classes = {
	};
	objectVersion = 56;
	objects = {

/* Begin PBXBuildFile section */
		7ECF2DDF2B8E5CED00AF87CA /* AppDelegate.swift in Sources */ = {isa = PBXBuildFile; fileRef = 7ECF2DDE2B8E5CED00AF87CA /* AppDelegate.swift */; };
		7ECF2DE12B8E5CED00AF87CA /* SceneDelegate.swift in Sources */ = {isa = PBXBuildFile; fileRef = 7ECF2DE02B8E5CED00AF87CA /* SceneDelegate.swift */; };
		7ECF2DE62B8E5CED00AF87CA /* Main.storyboard in Resources */ = {isa = PBXBuildFile; fileRef = 7ECF2DE42B8E5CED00AF87CA /* Main.storyboard */; };
		7ECF2DE82B8E5CEF00AF87CA /* Assets.xcassets in Resources */ = {isa = PBXBuildFile; fileRef = 7ECF2DE72B8E5CEF00AF87CA /* Assets.xcassets */; };
		7ECF2DEB2B8E5CEF00AF87CA /* LaunchScreen.storyboard in Resources */ = {isa = PBXBuildFile; fileRef = 7ECF2DE92B8E5CEF00AF87CA /* LaunchScreen.storyboard */; };
		7ECF2DF62B8E5CEF00AF87CA /* Meal_PlannerTests.swift in Sources */ = {isa = PBXBuildFile; fileRef = 7ECF2DF52B8E5CEF00AF87CA /* Meal_PlannerTests.swift */; };
		7ECF2E002B8E5CEF00AF87CA /* Meal_PlannerUITests.swift in Sources */ = {isa = PBXBuildFile; fileRef = 7ECF2DFF2B8E5CEF00AF87CA /* Meal_PlannerUITests.swift */; };
		7ECF2E022B8E5CEF00AF87CA /* Meal_PlannerUITestsLaunchTests.swift in Sources */ = {isa = PBXBuildFile; fileRef = 7ECF2E012B8E5CEF00AF87CA /* Meal_PlannerUITestsLaunchTests.swift */; };
		7ECF2E0F2B8E5DBF00AF87CA /* TableViewController.swift in Sources */ = {isa = PBXBuildFile; fileRef = 7ECF2E0E2B8E5DBF00AF87CA /* TableViewController.swift */; };
		7ECF2E112B8E605A00AF87CA /* new.swift in Sources */ = {isa = PBXBuildFile; fileRef = 7ECF2E102B8E605A00AF87CA /* new.swift */; };
/* End PBXBuildFile section */

/* Begin PBXContainerItemProxy section */
		7ECF2DF22B8E5CEF00AF87CA /* PBXContainerItemProxy */ = {
			isa = PBXContainerItemProxy;
			containerPortal = 7ECF2DD32B8E5CED00AF87CA /* Project object */;
			proxyType = 1;
			remoteGlobalIDString = 7ECF2DDA2B8E5CED00AF87CA;
			remoteInfo = "Meal Planner";
		};
		7ECF2DFC2B8E5CEF00AF87CA /* PBXContainerItemProxy */ = {
			isa = PBXContainerItemProxy;
			containerPortal = 7ECF2DD32B8E5CED00AF87CA /* Project object */;
			proxyType = 1;
			remoteGlobalIDString = 7ECF2DDA2B8E5CED00AF87CA;
			remoteInfo = "Meal Planner";
		};
/* End PBXContainerItemProxy section */

/* Begin PBXFileReference section */
		7ECF2DDB2B8E5CED00AF87CA /* Meal Planner.app */ = {isa = PBXFileReference; explicitFileType = wrapper.application; includeInIndex = 0; path = "Meal Planner.app"; sourceTree = BUILT_PRODUCTS_DIR; };
		7ECF2DDE2B8E5CED00AF87CA /* AppDelegate.swift */ = {isa = PBXFileReference; lastKnownFileType = sourcecode.swift; path = AppDelegate.swift; sourceTree = "<group>"; };
		7ECF2DE02B8E5CED00AF87CA /* SceneDelegate.swift */ = {isa = PBXFileReference; lastKnownFileType = sourcecode.swift; path = SceneDelegate.swift; sourceTree = "<group>"; };
		7ECF2DE52B8E5CED00AF87CA /* Base */ = {isa = PBXFileReference; lastKnownFileType = file.storyboard; name = Base; path = Base.lproj/Main.storyboard; sourceTree = "<group>"; };
		7ECF2DE72B8E5CEF00AF87CA /* Assets.xcassets */ = {isa = PBXFileReference; lastKnownFileType = folder.assetcatalog; path = Assets.xcassets; sourceTree = "<group>"; };
		7ECF2DEA2B8E5CEF00AF87CA /* Base */ = {isa = PBXFileReference; lastKnownFileType = file.storyboard; name = Base; path = Base.lproj/LaunchScreen.storyboard; sourceTree = "<group>"; };
		7ECF2DEC2B8E5CEF00AF87CA /* Info.plist */ = {isa = PBXFileReference; lastKnownFileType = text.plist.xml; path = Info.plist; sourceTree = "<group>"; };
		7ECF2DF12B8E5CEF00AF87CA /* Meal PlannerTests.xctest */ = {isa = PBXFileReference; explicitFileType = wrapper.cfbundle; includeInIndex = 0; path = "Meal PlannerTests.xctest"; sourceTree = BUILT_PRODUCTS_DIR; };
		7ECF2DF52B8E5CEF00AF87CA /* Meal_PlannerTests.swift */ = {isa = PBXFileReference; lastKnownFileType = sourcecode.swift; path = Meal_PlannerTests.swift; sourceTree = "<group>"; };
		7ECF2DFB2B8E5CEF00AF87CA /* Meal PlannerUITests.xctest */ = {isa = PBXFileReference; explicitFileType = wrapper.cfbundle; includeInIndex = 0; path = "Meal PlannerUITests.xctest"; sourceTree = BUILT_PRODUCTS_DIR; };
		7ECF2DFF2B8E5CEF00AF87CA /* Meal_PlannerUITests.swift */ = {isa = PBXFileReference; lastKnownFileType = sourcecode.swift; path = Meal_PlannerUITests.swift; sourceTree = "<group>"; };
		7ECF2E012B8E5CEF00AF87CA /* Meal_PlannerUITestsLaunchTests.swift */ = {isa = PBXFileReference; lastKnownFileType = sourcecode.swift; path = Meal_PlannerUITestsLaunchTests.swift; sourceTree = "<group>"; };
		7ECF2E0E2B8E5DBF00AF87CA /* TableViewController.swift */ = {isa = PBXFileReference; lastKnownFileType = sourcecode.swift; path = TableViewController.swift; sourceTree = "<group>"; };
		7ECF2E102B8E605A00AF87CA /* new.swift */ = {isa = PBXFileReference; lastKnownFileType = sourcecode.swift; path = new.swift; sourceTree = "<group>"; };
/* End PBXFileReference section */

/* Begin PBXFrameworksBuildPhase section */
		7ECF2DD82B8E5CED00AF87CA /* Frameworks */ = {
			isa = PBXFrameworksBuildPhase;
			buildActionMask = 2147483647;
			files = (
			);
			runOnlyForDeploymentPostprocessing = 0;
		};
		7ECF2DEE2B8E5CEF00AF87CA /* Frameworks */ = {
			isa = PBXFrameworksBuildPhase;
			buildActionMask = 2147483647;
			files = (
			);
			runOnlyForDeploymentPostprocessing = 0;
		};
		7ECF2DF82B8E5CEF00AF87CA /* Frameworks */ = {
			isa = PBXFrameworksBuildPhase;
			buildActionMask = 2147483647;
			files = (
			);
			runOnlyForDeploymentPostprocessing = 0;
		};
/* End PBXFrameworksBuildPhase section */

/* Begin PBXGroup section */
		7ECF2DD22B8E5CED00AF87CA = {
			isa = PBXGroup;
			children = (
				7ECF2DDD2B8E5CED00AF87CA /* Meal Planner */,
				7ECF2DF42B8E5CEF00AF87CA /* Meal PlannerTests */,
				7ECF2DFE2B8E5CEF00AF87CA /* Meal PlannerUITests */,
				7ECF2DDC2B8E5CED00AF87CA /* Products */,
			);
			sourceTree = "<group>";
		};
		7ECF2DDC2B8E5CED00AF87CA /* Products */ = {
			isa = PBXGroup;
			children = (
				7ECF2DDB2B8E5CED00AF87CA /* Meal Planner.app */,
				7ECF2DF12B8E5CEF00AF87CA /* Meal PlannerTests.xctest */,
				7ECF2DFB2B8E5CEF00AF87CA /* Meal PlannerUITests.xctest */,
			);
			name = Products;
			sourceTree = "<group>";
		};
		7ECF2DDD2B8E5CED00AF87CA /* Meal Planner */ = {
			isa = PBXGroup;
			children = (
				7ECF2DDE2B8E5CED00AF87CA /* AppDelegate.swift */,
				7ECF2DE02B8E5CED00AF87CA /* SceneDelegate.swift */,
				7ECF2DE42B8E5CED00AF87CA /* Main.storyboard */,
				7ECF2E102B8E605A00AF87CA /* new.swift */,
				7ECF2E0E2B8E5DBF00AF87CA /* TableViewController.swift */,
				7ECF2DE72B8E5CEF00AF87CA /* Assets.xcassets */,
				7ECF2DE92B8E5CEF00AF87CA /* LaunchScreen.storyboard */,
				7ECF2DEC2B8E5CEF00AF87CA /* Info.plist */,
			);
			path = "Meal Planner";
			sourceTree = "<group>";
		};
		7ECF2DF42B8E5CEF00AF87CA /* Meal PlannerTests */ = {
			isa = PBXGroup;
			children = (
				7ECF2DF52B8E5CEF00AF87CA /* Meal_PlannerTests.swift */,
			);
			path = "Meal PlannerTests";
			sourceTree = "<group>";
		};
		7ECF2DFE2B8E5CEF00AF87CA /* Meal PlannerUITests */ = {
			isa = PBXGroup;
			children = (
				7ECF2DFF2B8E5CEF00AF87CA /* Meal_PlannerUITests.swift */,
				7ECF2E012B8E5CEF00AF87CA /* Meal_PlannerUITestsLaunchTests.swift */,
			);
			path = "Meal PlannerUITests";
			sourceTree = "<group>";
		};
/* End PBXGroup section */

/* Begin PBXNativeTarget section */
		7ECF2DDA2B8E5CED00AF87CA /* Meal Planner */ = {
			isa = PBXNativeTarget;
			buildConfigurationList = 7ECF2E052B8E5CEF00AF87CA /* Build configuration list for PBXNativeTarget "Meal Planner" */;
			buildPhases = (
				7ECF2DD72B8E5CED00AF87CA /* Sources */,
				7ECF2DD82B8E5CED00AF87CA /* Frameworks */,
				7ECF2DD92B8E5CED00AF87CA /* Resources */,
			);
			buildRules = (
			);
			dependencies = (
			);
			name = "Meal Planner";
			productName = "Meal Planner";
			productReference = 7ECF2DDB2B8E5CED00AF87CA /* Meal Planner.app */;
			productType = "com.apple.product-type.application";
		};
		7ECF2DF02B8E5CEF00AF87CA /* Meal PlannerTests */ = {
			isa = PBXNativeTarget;
			buildConfigurationList = 7ECF2E082B8E5CEF00AF87CA /* Build configuration list for PBXNativeTarget "Meal PlannerTests" */;
			buildPhases = (
				7ECF2DED2B8E5CEF00AF87CA /* Sources */,
				7ECF2DEE2B8E5CEF00AF87CA /* Frameworks */,
				7ECF2DEF2B8E5CEF00AF87CA /* Resources */,
			);
			buildRules = (
			);
			dependencies = (
				7ECF2DF32B8E5CEF00AF87CA /* PBXTargetDependency */,
			);
			name = "Meal PlannerTests";
			productName = "Meal PlannerTests";
			productReference = 7ECF2DF12B8E5CEF00AF87CA /* Meal PlannerTests.xctest */;
			productType = "com.apple.product-type.bundle.unit-test";
		};
		7ECF2DFA2B8E5CEF00AF87CA /* Meal PlannerUITests */ = {
			isa = PBXNativeTarget;
			buildConfigurationList = 7ECF2E0B2B8E5CEF00AF87CA /* Build configuration list for PBXNativeTarget "Meal PlannerUITests" */;
			buildPhases = (
				7ECF2DF72B8E5CEF00AF87CA /* Sources */,
				7ECF2DF82B8E5CEF00AF87CA /* Frameworks */,
				7ECF2DF92B8E5CEF00AF87CA /* Resources */,
			);
			buildRules = (
			);
			dependencies = (
				7ECF2DFD2B8E5CEF00AF87CA /* PBXTargetDependency */,
			);
			name = "Meal PlannerUITests";
			productName = "Meal PlannerUITests";
			productReference = 7ECF2DFB2B8E5CEF00AF87CA /* Meal PlannerUITests.xctest */;
			productType = "com.apple.product-type.bundle.ui-testing";
		};
/* End PBXNativeTarget section */

/* Begin PBXProject section */
		7ECF2DD32B8E5CED00AF87CA /* Project object */ = {
			isa = PBXProject;
			attributes = {
				BuildIndependentTargetsInParallel = 1;
				LastSwiftUpdateCheck = 1420;
				LastUpgradeCheck = 1420;
				TargetAttributes = {
					7ECF2DDA2B8E5CED00AF87CA = {
						CreatedOnToolsVersion = 14.2;
					};
					7ECF2DF02B8E5CEF00AF87CA = {
						CreatedOnToolsVersion = 14.2;
						TestTargetID = 7ECF2DDA2B8E5CED00AF87CA;
					};
					7ECF2DFA2B8E5CEF00AF87CA = {
						CreatedOnToolsVersion = 14.2;
						TestTargetID = 7ECF2DDA2B8E5CED00AF87CA;
					};
				};
			};
			buildConfigurationList = 7ECF2DD62B8E5CED00AF87CA /* Build configuration list for PBXProject "Meal Planner" */;
			compatibilityVersion = "Xcode 14.0";
			developmentRegion = en;
			hasScannedForEncodings = 0;
			knownRegions = (
				en,
				Base,
			);
			mainGroup = 7ECF2DD22B8E5CED00AF87CA;
			productRefGroup = 7ECF2DDC2B8E5CED00AF87CA /* Products */;
			projectDirPath = "";
			projectRoot = "";
			targets = (
				7ECF2DDA2B8E5CED00AF87CA /* Meal Planner */,
				7ECF2DF02B8E5CEF00AF87CA /* Meal PlannerTests */,
				7ECF2DFA2B8E5CEF00AF87CA /* Meal PlannerUITests */,
			);
		};
/* End PBXProject section */

/* Begin PBXResourcesBuildPhase section */
		7ECF2DD92B8E5CED00AF87CA /* Resources */ = {
			isa = PBXResourcesBuildPhase;
			buildActionMask = 2147483647;
			files = (
				7ECF2DEB2B8E5CEF00AF87CA /* LaunchScreen.storyboard in Resources */,
				7ECF2DE82B8E5CEF00AF87CA /* Assets.xcassets in Resources */,
				7ECF2DE62B8E5CED00AF87CA /* Main.storyboard in Resources */,
			);
			runOnlyForDeploymentPostprocessing = 0;
		};
		7ECF2DEF2B8E5CEF00AF87CA /* Resources */ = {
			isa = PBXResourcesBuildPhase;
			buildActionMask = 2147483647;
			files = (
			);
			runOnlyForDeploymentPostprocessing = 0;
		};
		7ECF2DF92B8E5CEF00AF87CA /* Resources */ = {
			isa = PBXResourcesBuildPhase;
			buildActionMask = 2147483647;
			files = (
			);
			runOnlyForDeploymentPostprocessing = 0;
		};
/* End PBXResourcesBuildPhase section */

/* Begin PBXSourcesBuildPhase section */
		7ECF2DD72B8E5CED00AF87CA /* Sources */ = {
			isa = PBXSourcesBuildPhase;
			buildActionMask = 2147483647;
			files = (
				7ECF2DDF2B8E5CED00AF87CA /* AppDelegate.swift in Sources */,
				7ECF2E0F2B8E5DBF00AF87CA /* TableViewController.swift in Sources */,
				7ECF2E112B8E605A00AF87CA /* new.swift in Sources */,
				7ECF2DE12B8E5CED00AF87CA /* SceneDelegate.swift in Sources */,
			);
			runOnlyForDeploymentPostprocessing = 0;
		};
		7ECF2DED2B8E5CEF00AF87CA /* Sources */ = {
			isa = PBXSourcesBuildPhase;
			buildActionMask = 2147483647;
			files = (
				7ECF2DF62B8E5CEF00AF87CA /* Meal_PlannerTests.swift in Sources */,
			);
			runOnlyForDeploymentPostprocessing = 0;
		};
		7ECF2DF72B8E5CEF00AF87CA /* Sources */ = {
			isa = PBXSourcesBuildPhase;
			buildActionMask = 2147483647;
			files = (
				7ECF2E022B8E5CEF00AF87CA /* Meal_PlannerUITestsLaunchTests.swift in Sources */,
				7ECF2E002B8E5CEF00AF87CA /* Meal_PlannerUITests.swift in Sources */,
			);
			runOnlyForDeploymentPostprocessing = 0;
		};
/* End PBXSourcesBuildPhase section */

/* Begin PBXTargetDependency section */
		7ECF2DF32B8E5CEF00AF87CA /* PBXTargetDependency */ = {
			isa = PBXTargetDependency;
			target = 7ECF2DDA2B8E5CED00AF87CA /* Meal Planner */;
			targetProxy = 7ECF2DF22B8E5CEF00AF87CA /* PBXContainerItemProxy */;
		};
		7ECF2DFD2B8E5CEF00AF87CA /* PBXTargetDependency */ = {
			isa = PBXTargetDependency;
			target = 7ECF2DDA2B8E5CED00AF87CA /* Meal Planner */;
			targetProxy = 7ECF2DFC2B8E5CEF00AF87CA /* PBXContainerItemProxy */;
		};
/* End PBXTargetDependency section */

/* Begin PBXVariantGroup section */
		7ECF2DE42B8E5CED00AF87CA /* Main.storyboard */ = {
			isa = PBXVariantGroup;
			children = (
				7ECF2DE52B8E5CED00AF87CA /* Base */,
			);
			name = Main.storyboard;
			sourceTree = "<group>";
		};
		7ECF2DE92B8E5CEF00AF87CA /* LaunchScreen.storyboard */ = {
			isa = PBXVariantGroup;
			children = (
				7ECF2DEA2B8E5CEF00AF87CA /* Base */,
			);
			name = LaunchScreen.storyboard;
			sourceTree = "<group>";
		};
/* End PBXVariantGroup section */

/* Begin XCBuildConfiguration section */
		7ECF2E032B8E5CEF00AF87CA /* Debug */ = {
			isa = XCBuildConfiguration;
			buildSettings = {
				ALWAYS_SEARCH_USER_PATHS = NO;
				CLANG_ANALYZER_NONNULL = YES;
				CLANG_ANALYZER_NUMBER_OBJECT_CONVERSION = YES_AGGRESSIVE;
				CLANG_CXX_LANGUAGE_STANDARD = "gnu++20";
				CLANG_ENABLE_MODULES = YES;
				CLANG_ENABLE_OBJC_ARC = YES;
				CLANG_ENABLE_OBJC_WEAK = YES;
				CLANG_WARN_BLOCK_CAPTURE_AUTORELEASING = YES;
				CLANG_WARN_BOOL_CONVERSION = YES;
				CLANG_WARN_COMMA = YES;
				CLANG_WARN_CONSTANT_CONVERSION = YES;
				CLANG_WARN_DEPRECATED_OBJC_IMPLEMENTATIONS = YES;
				CLANG_WARN_DIRECT_OBJC_ISA_USAGE = YES_ERROR;
				CLANG_WARN_DOCUMENTATION_COMMENTS = YES;
				CLANG_WARN_EMPTY_BODY = YES;
				CLANG_WARN_ENUM_CONVERSION = YES;
				CLANG_WARN_INFINITE_RECURSION = YES;
				CLANG_WARN_INT_CONVERSION = YES;
				CLANG_WARN_NON_LITERAL_NULL_CONVERSION = YES;
				CLANG_WARN_OBJC_IMPLICIT_RETAIN_SELF = YES;
				CLANG_WARN_OBJC_LITERAL_CONVERSION = YES;
				CLANG_WARN_OBJC_ROOT_CLASS = YES_ERROR;
				CLANG_WARN_QUOTED_INCLUDE_IN_FRAMEWORK_HEADER = YES;
				CLANG_WARN_RANGE_LOOP_ANALYSIS = YES;
				CLANG_WARN_STRICT_PROTOTYPES = YES;
				CLANG_WARN_SUSPICIOUS_MOVE = YES;
				CLANG_WARN_UNGUARDED_AVAILABILITY = YES_AGGRESSIVE;
				CLANG_WARN_UNREACHABLE_CODE = YES;
				CLANG_WARN__DUPLICATE_METHOD_MATCH = YES;
				COPY_PHASE_STRIP = NO;
				DEBUG_INFORMATION_FORMAT = dwarf;
				ENABLE_STRICT_OBJC_MSGSEND = YES;
				ENABLE_TESTABILITY = YES;
				GCC_C_LANGUAGE_STANDARD = gnu11;
				GCC_DYNAMIC_NO_PIC = NO;
				GCC_NO_COMMON_BLOCKS = YES;
				GCC_OPTIMIZATION_LEVEL = 0;
				GCC_PREPROCESSOR_DEFINITIONS = (
					"DEBUG=1",
					"$(inherited)",
				);
				GCC_WARN_64_TO_32_BIT_CONVERSION = YES;
				GCC_WARN_ABOUT_RETURN_TYPE = YES_ERROR;
				GCC_WARN_UNDECLARED_SELECTOR = YES;
				GCC_WARN_UNINITIALIZED_AUTOS = YES_AGGRESSIVE;
				GCC_WARN_UNUSED_FUNCTION = YES;
				GCC_WARN_UNUSED_VARIABLE = YES;
				IPHONEOS_DEPLOYMENT_TARGET = 16.2;
				MTL_ENABLE_DEBUG_INFO = INCLUDE_SOURCE;
				MTL_FAST_MATH = YES;
				ONLY_ACTIVE_ARCH = YES;
				SDKROOT = iphoneos;
				SWIFT_ACTIVE_COMPILATION_CONDITIONS = DEBUG;
				SWIFT_OPTIMIZATION_LEVEL = "-Onone";
			};
			name = Debug;
		};
		7ECF2E042B8E5CEF00AF87CA /* Release */ = {
			isa = XCBuildConfiguration;
			buildSettings = {
				ALWAYS_SEARCH_USER_PATHS = NO;
				CLANG_ANALYZER_NONNULL = YES;
				CLANG_ANALYZER_NUMBER_OBJECT_CONVERSION = YES_AGGRESSIVE;
				CLANG_CXX_LANGUAGE_STANDARD = "gnu++20";
				CLANG_ENABLE_MODULES = YES;
				CLANG_ENABLE_OBJC_ARC = YES;
				CLANG_ENABLE_OBJC_WEAK = YES;
				CLANG_WARN_BLOCK_CAPTURE_AUTORELEASING = YES;
				CLANG_WARN_BOOL_CONVERSION = YES;
				CLANG_WARN_COMMA = YES;
				CLANG_WARN_CONSTANT_CONVERSION = YES;
				CLANG_WARN_DEPRECATED_OBJC_IMPLEMENTATIONS = YES;
				CLANG_WARN_DIRECT_OBJC_ISA_USAGE = YES_ERROR;
				CLANG_WARN_DOCUMENTATION_COMMENTS = YES;
				CLANG_WARN_EMPTY_BODY = YES;
				CLANG_WARN_ENUM_CONVERSION = YES;
				CLANG_WARN_INFINITE_RECURSION = YES;
				CLANG_WARN_INT_CONVERSION = YES;
				CLANG_WARN_NON_LITERAL_NULL_CONVERSION = YES;
				CLANG_WARN_OBJC_IMPLICIT_RETAIN_SELF = YES;
				CLANG_WARN_OBJC_LITERAL_CONVERSION = YES;
				CLANG_WARN_OBJC_ROOT_CLASS = YES_ERROR;
				CLANG_WARN_QUOTED_INCLUDE_IN_FRAMEWORK_HEADER = YES;
				CLANG_WARN_RANGE_LOOP_ANALYSIS = YES;
				CLANG_WARN_STRICT_PROTOTYPES = YES;
				CLANG_WARN_SUSPICIOUS_MOVE = YES;
				CLANG_WARN_UNGUARDED_AVAILABILITY = YES_AGGRESSIVE;
				CLANG_WARN_UNREACHABLE_CODE = YES;
				CLANG_WARN__DUPLICATE_METHOD_MATCH = YES;
				COPY_PHASE_STRIP = NO;
				DEBUG_INFORMATION_FORMAT = "dwarf-with-dsym";
				ENABLE_NS_ASSERTIONS = NO;
				ENABLE_STRICT_OBJC_MSGSEND = YES;
				GCC_C_LANGUAGE_STANDARD = gnu11;
				GCC_NO_COMMON_BLOCKS = YES;
				GCC_WARN_64_TO_32_BIT_CONVERSION = YES;
				GCC_WARN_ABOUT_RETURN_TYPE = YES_ERROR;
				GCC_WARN_UNDECLARED_SELECTOR = YES;
				GCC_WARN_UNINITIALIZED_AUTOS = YES_AGGRESSIVE;
				GCC_WARN_UNUSED_FUNCTION = YES;
				GCC_WARN_UNUSED_VARIABLE = YES;
				IPHONEOS_DEPLOYMENT_TARGET = 16.2;
				MTL_ENABLE_DEBUG_INFO = NO;
				MTL_FAST_MATH = YES;
				SDKROOT = iphoneos;
				SWIFT_COMPILATION_MODE = wholemodule;
				SWIFT_OPTIMIZATION_LEVEL = "-O";
				VALIDATE_PRODUCT = YES;
			};
			name = Release;
		};
		7ECF2E062B8E5CEF00AF87CA /* Debug */ = {
			isa = XCBuildConfiguration;
			buildSettings = {
				ASSETCATALOG_COMPILER_APPICON_NAME = AppIcon;
				ASSETCATALOG_COMPILER_GLOBAL_ACCENT_COLOR_NAME = AccentColor;
				CODE_SIGN_STYLE = Automatic;
				CURRENT_PROJECT_VERSION = 1;
				GENERATE_INFOPLIST_FILE = YES;
				INFOPLIST_FILE = "Meal Planner/Info.plist";
				INFOPLIST_KEY_UIApplicationSupportsIndirectInputEvents = YES;
				INFOPLIST_KEY_UILaunchStoryboardName = LaunchScreen;
				INFOPLIST_KEY_UIMainStoryboardFile = Main;
				INFOPLIST_KEY_UISupportedInterfaceOrientations_iPad = "UIInterfaceOrientationPortrait UIInterfaceOrientationPortraitUpsideDown UIInterfaceOrientationLandscapeLeft UIInterfaceOrientationLandscapeRight";
				INFOPLIST_KEY_UISupportedInterfaceOrientations_iPhone = "UIInterfaceOrientationPortrait UIInterfaceOrientationLandscapeLeft UIInterfaceOrientationLandscapeRight";
				LD_RUNPATH_SEARCH_PATHS = (
					"$(inherited)",
					"@executable_path/Frameworks",
				);
				MARKETING_VERSION = 1.0;
				PRODUCT_BUNDLE_IDENTIFIER = "com.Jose.Meal-Planner";
				PRODUCT_NAME = "$(TARGET_NAME)";
				SWIFT_EMIT_LOC_STRINGS = YES;
				SWIFT_VERSION = 5.0;
				TARGETED_DEVICE_FAMILY = "1,2";
			};
			name = Debug;
		};
		7ECF2E072B8E5CEF00AF87CA /* Release */ = {
			isa = XCBuildConfiguration;
			buildSettings = {
				ASSETCATALOG_COMPILER_APPICON_NAME = AppIcon;
				ASSETCATALOG_COMPILER_GLOBAL_ACCENT_COLOR_NAME = AccentColor;
				CODE_SIGN_STYLE = Automatic;
				CURRENT_PROJECT_VERSION = 1;
				GENERATE_INFOPLIST_FILE = YES;
				INFOPLIST_FILE = "Meal Planner/Info.plist";
				INFOPLIST_KEY_UIApplicationSupportsIndirectInputEvents = YES;
				INFOPLIST_KEY_UILaunchStoryboardName = LaunchScreen;
				INFOPLIST_KEY_UIMainStoryboardFile = Main;
				INFOPLIST_KEY_UISupportedInterfaceOrientations_iPad = "UIInterfaceOrientationPortrait UIInterfaceOrientationPortraitUpsideDown UIInterfaceOrientationLandscapeLeft UIInterfaceOrientationLandscapeRight";
				INFOPLIST_KEY_UISupportedInterfaceOrientations_iPhone = "UIInterfaceOrientationPortrait UIInterfaceOrientationLandscapeLeft UIInterfaceOrientationLandscapeRight";
				LD_RUNPATH_SEARCH_PATHS = (
					"$(inherited)",
					"@executable_path/Frameworks",
				);
				MARKETING_VERSION = 1.0;
				PRODUCT_BUNDLE_IDENTIFIER = "com.Jose.Meal-Planner";
				PRODUCT_NAME = "$(TARGET_NAME)";
				SWIFT_EMIT_LOC_STRINGS = YES;
				SWIFT_VERSION = 5.0;
				TARGETED_DEVICE_FAMILY = "1,2";
			};
			name = Release;
		};
		7ECF2E092B8E5CEF00AF87CA /* Debug */ = {
			isa = XCBuildConfiguration;
			buildSettings = {
				ALWAYS_EMBED_SWIFT_STANDARD_LIBRARIES = YES;
				BUNDLE_LOADER = "$(TEST_HOST)";
				CODE_SIGN_STYLE = Automatic;
				CURRENT_PROJECT_VERSION = 1;
				GENERATE_INFOPLIST_FILE = YES;
				IPHONEOS_DEPLOYMENT_TARGET = 16.2;
				MARKETING_VERSION = 1.0;
				PRODUCT_BUNDLE_IDENTIFIER = "com.Jose.Meal-PlannerTests";
				PRODUCT_NAME = "$(TARGET_NAME)";
				SWIFT_EMIT_LOC_STRINGS = NO;
				SWIFT_VERSION = 5.0;
				TARGETED_DEVICE_FAMILY = "1,2";
				TEST_HOST = "$(BUILT_PRODUCTS_DIR)/Meal Planner.app/$(BUNDLE_EXECUTABLE_FOLDER_PATH)/Meal Planner";
			};
			name = Debug;
		};
		7ECF2E0A2B8E5CEF00AF87CA /* Release */ = {
			isa = XCBuildConfiguration;
			buildSettings = {
				ALWAYS_EMBED_SWIFT_STANDARD_LIBRARIES = YES;
				BUNDLE_LOADER = "$(TEST_HOST)";
				CODE_SIGN_STYLE = Automatic;
				CURRENT_PROJECT_VERSION = 1;
				GENERATE_INFOPLIST_FILE = YES;
				IPHONEOS_DEPLOYMENT_TARGET = 16.2;
				MARKETING_VERSION = 1.0;
				PRODUCT_BUNDLE_IDENTIFIER = "com.Jose.Meal-PlannerTests";
				PRODUCT_NAME = "$(TARGET_NAME)";
				SWIFT_EMIT_LOC_STRINGS = NO;
				SWIFT_VERSION = 5.0;
				TARGETED_DEVICE_FAMILY = "1,2";
				TEST_HOST = "$(BUILT_PRODUCTS_DIR)/Meal Planner.app/$(BUNDLE_EXECUTABLE_FOLDER_PATH)/Meal Planner";
			};
			name = Release;
		};
		7ECF2E0C2B8E5CEF00AF87CA /* Debug */ = {
			isa = XCBuildConfiguration;
			buildSettings = {
				ALWAYS_EMBED_SWIFT_STANDARD_LIBRARIES = YES;
				CODE_SIGN_STYLE = Automatic;
				CURRENT_PROJECT_VERSION = 1;
				GENERATE_INFOPLIST_FILE = YES;
				MARKETING_VERSION = 1.0;
				PRODUCT_BUNDLE_IDENTIFIER = "com.Jose.Meal-PlannerUITests";
				PRODUCT_NAME = "$(TARGET_NAME)";
				SWIFT_EMIT_LOC_STRINGS = NO;
				SWIFT_VERSION = 5.0;
				TARGETED_DEVICE_FAMILY = "1,2";
				TEST_TARGET_NAME = "Meal Planner";
			};
			name = Debug;
		};
		7ECF2E0D2B8E5CEF00AF87CA /* Release */ = {
			isa = XCBuildConfiguration;
			buildSettings = {
				ALWAYS_EMBED_SWIFT_STANDARD_LIBRARIES = YES;
				CODE_SIGN_STYLE = Automatic;
				CURRENT_PROJECT_VERSION = 1;
				GENERATE_INFOPLIST_FILE = YES;
				MARKETING_VERSION = 1.0;
				PRODUCT_BUNDLE_IDENTIFIER = "com.Jose.Meal-PlannerUITests";
				PRODUCT_NAME = "$(TARGET_NAME)";
				SWIFT_EMIT_LOC_STRINGS = NO;
				SWIFT_VERSION = 5.0;
				TARGETED_DEVICE_FAMILY = "1,2";
				TEST_TARGET_NAME = "Meal Planner";
			};
			name = Release;
		};
/* End XCBuildConfiguration section */

/* Begin XCConfigurationList section */
		7ECF2DD62B8E5CED00AF87CA /* Build configuration list for PBXProject "Meal Planner" */ = {
			isa = XCConfigurationList;
			buildConfigurations = (
				7ECF2E032B8E5CEF00AF87CA /* Debug */,
				7ECF2E042B8E5CEF00AF87CA /* Release */,
			);
			defaultConfigurationIsVisible = 0;
			defaultConfigurationName = Release;
		};
		7ECF2E052B8E5CEF00AF87CA /* Build configuration list for PBXNativeTarget "Meal Planner" */ = {
			isa = XCConfigurationList;
			buildConfigurations = (
				7ECF2E062B8E5CEF00AF87CA /* Debug */,
				7ECF2E072B8E5CEF00AF87CA /* Release */,
			);
			defaultConfigurationIsVisible = 0;
			defaultConfigurationName = Release;
		};
		7ECF2E082B8E5CEF00AF87CA /* Build configuration list for PBXNativeTarget "Meal PlannerTests" */ = {
			isa = XCConfigurationList;
			buildConfigurations = (
				7ECF2E092B8E5CEF00AF87CA /* Debug */,
				7ECF2E0A2B8E5CEF00AF87CA /* Release */,
			);
			defaultConfigurationIsVisible = 0;
			defaultConfigurationName = Release;
		};
		7ECF2E0B2B8E5CEF00AF87CA /* Build configuration list for PBXNativeTarget "Meal PlannerUITests" */ = {
			isa = XCConfigurationList;
			buildConfigurations = (
				7ECF2E0C2B8E5CEF00AF87CA /* Debug */,
				7ECF2E0D2B8E5CEF00AF87CA /* Release */,
			);
			defaultConfigurationIsVisible = 0;
			defaultConfigurationName = Release;
		};
/* End XCConfigurationList section */
	};
	rootObject = 7ECF2DD32B8E5CED00AF87CA /* Project object */;
}
